
Microsoft Visual Studio Solution File, Format Version 11.00
# Visual Studio 2010
Project("{FAE04EC0-301F-11D3-BF4B-00C04F79EFBC}") = "SimpleWebTransport", "SimpleWebTransport.csproj", "{58545440-9fbc-266f-24a0-60cb91fe50ef}"
EndProject
Project("{FAE04EC0-301F-11D3-BF4B-00C04F79EFBC}") = "Mirror.Examples", "Mirror.Examples.csproj", "{51b10b86-1af4-d769-1eec-d9308b3c98bf}"
EndProject
Project("{FAE04EC0-301F-11D3-BF4B-00C04F79EFBC}") = "Mirror", "Mirror.csproj", "{90eb3fa7-4161-cfba-a4e1-9d2d2beee3bf}"
EndProject
Project("{FAE04EC0-301F-11D3-BF4B-00C04F79EFBC}") = "Mirror.Components", "Mirror.Components.csproj", "{ed1c8479-2b48-50f1-c187-2f30c4ab9fe3}"
EndProject
Project("{FAE04EC0-301F-11D3-BF4B-00C04F79EFBC}") = "Assembly-CSharp", "Assembly-CSharp.csproj", "{bbb7e327-1072-b84d-2cde-8c5f9221d3b6}"
EndProject
Project("{FAE04EC0-301F-11D3-BF4B-00C04F79EFBC}") = "Telepathy", "Telepathy.csproj", "{5e34d0bd-24c4-ff96-438b-b03d114afb67}"
EndProject
Project("{FAE04EC0-301F-11D3-BF4B-00C04F79EFBC}") = "kcp2k", "kcp2k.csproj", "{84d2ec94-42da-7975-4d0b-d264b72a07c8}"
EndProject
Project("{FAE04EC0-301F-11D3-BF4B-00C04F79EFBC}") = "where-allocations", "where-allocations.csproj", "{5fa547a2-0c80-3915-bfe5-6ce5517e291f}"
EndProject
Project("{FAE04EC0-301F-11D3-BF4B-00C04F79EFBC}") = "Mirror.Authenticators", "Mirror.Authenticators.csproj", "{732e3b33-d574-27f7-c032-03b450e99865}"
EndProject
Project("{FAE04EC0-301F-11D3-BF4B-00C04F79EFBC}") = "Mirror.Weaver", "Mirror.Weaver.csproj", "{971f99f3-0082-d48a-64d3-784c61f2d060}"
EndProject
Project("{FAE04EC0-301F-11D3-BF4B-00C04F79EFBC}") = "Mirror.Editor", "Mirror.Editor.csproj", "{94b34eaa-ea53-f5b2-dc2a-c587ef3187be}"
EndProject
Project("{FAE04EC0-301F-11D3-BF4B-00C04F79EFBC}") = "Mirror.CompilerSymbols", "Mirror.CompilerSymbols.csproj", "{c37a3b09-65ff-047f-4cfb-c82a799a778c}"
EndProject
Global
	GlobalSection(SolutionConfigurationPlatforms) = preSolution
		Debug|Any CPU = Debug|Any CPU
	EndGlobalSection
	GlobalSection(ProjectConfigurationPlatforms) = postSolution
		{58545440-9fbc-266f-24a0-60cb91fe50ef}.Debug|Any CPU.ActiveCfg = Debug|Any CPU
		{58545440-9fbc-266f-24a0-60cb91fe50ef}.Debug|Any CPU.Build.0 = Debug|Any CPU
		{51b10b86-1af4-d769-1eec-d9308b3c98bf}.Debug|Any CPU.ActiveCfg = Debug|Any CPU
		{51b10b86-1af4-d769-1eec-d9308b3c98bf}.Debug|Any CPU.Build.0 = Debug|Any CPU
		{90eb3fa7-4161-cfba-a4e1-9d2d2beee3bf}.Debug|Any CPU.ActiveCfg = Debug|Any CPU
		{90eb3fa7-4161-cfba-a4e1-9d2d2beee3bf}.Debug|Any CPU.Build.0 = Debug|Any CPU
		{ed1c8479-2b48-50f1-c187-2f30c4ab9fe3}.Debug|Any CPU.ActiveCfg = Debug|Any CPU
		{ed1c8479-2b48-50f1-c187-2f30c4ab9fe3}.Debug|Any CPU.Build.0 = Debug|Any CPU
		{bbb7e327-1072-b84d-2cde-8c5f9221d3b6}.Debug|Any CPU.ActiveCfg = Debug|Any CPU
		{bbb7e327-1072-b84d-2cde-8c5f9221d3b6}.Debug|Any CPU.Build.0 = Debug|Any CPU
		{5e34d0bd-24c4-ff96-438b-b03d114afb67}.Debug|Any CPU.ActiveCfg = Debug|Any CPU
		{5e34d0bd-24c4-ff96-438b-b03d114afb67}.Debug|Any CPU.Build.0 = Debug|Any CPU
		{84d2ec94-42da-7975-4d0b-d264b72a07c8}.Debug|Any CPU.ActiveCfg = Debug|Any CPU
		{84d2ec94-42da-7975-4d0b-d264b72a07c8}.Debug|Any CPU.Build.0 = Debug|Any CPU
		{5fa547a2-0c80-3915-bfe5-6ce5517e291f}.Debug|Any CPU.ActiveCfg = Debug|Any CPU
		{5fa547a2-0c80-3915-bfe5-6ce5517e291f}.Debug|Any CPU.Build.0 = Debug|Any CPU
		{732e3b33-d574-27f7-c032-03b450e99865}.Debug|Any CPU.ActiveCfg = Debug|Any CPU
		{732e3b33-d574-27f7-c032-03b450e99865}.Debug|Any CPU.Build.0 = Debug|Any CPU
		{971f99f3-0082-d48a-64d3-784c61f2d060}.Debug|Any CPU.ActiveCfg = Debug|Any CPU
		{971f99f3-0082-d48a-64d3-784c61f2d060}.Debug|Any CPU.Build.0 = Debug|Any CPU
		{94b34eaa-ea53-f5b2-dc2a-c587ef3187be}.Debug|Any CPU.ActiveCfg = Debug|Any CPU
		{94b34eaa-ea53-f5b2-dc2a-c587ef3187be}.Debug|Any CPU.Build.0 = Debug|Any CPU
		{c37a3b09-65ff-047f-4cfb-c82a799a778c}.Debug|Any CPU.ActiveCfg = Debug|Any CPU
		{c37a3b09-65ff-047f-4cfb-c82a799a778c}.Debug|Any CPU.Build.0 = Debug|Any CPU
	EndGlobalSection
	GlobalSection(SolutionProperties) = preSolution
		HideSolutionNode = FALSE
	EndGlobalSection
EndGlobal
