
Microsoft Visual Studio Solution File, Format Version 11.00
# Visual Studio 2010
Project("{FAE04EC0-301F-11D3-BF4B-00C04F79EFBC}") = "Assembly-CSharp", "Assembly-CSharp.csproj", "{bbb7e327-1072-b84d-2cde-8c5f9221d3b6}"
EndProject
Project("{FAE04EC0-301F-11D3-BF4B-00C04F79EFBC}") = "PhotonUnityNetworking.Demos", "PhotonUnityNetworking.Demos.csproj", "{cd731a7f-a2dd-b9ce-03df-e8f2028e470e}"
EndProject
Project("{FAE04EC0-301F-11D3-BF4B-00C04F79EFBC}") = "PhotonUnityNetworking.Utilities", "PhotonUnityNetworking.Utilities.csproj", "{de746603-9fef-01fc-1119-aaa6ce9c506d}"
EndProject
Project("{FAE04EC0-301F-11D3-BF4B-00C04F79EFBC}") = "PhotonChat", "PhotonChat.csproj", "{d7052ece-29d5-6453-c5a4-3cd894bb99f2}"
EndProject
Project("{FAE04EC0-301F-11D3-BF4B-00C04F79EFBC}") = "PhotonUnityNetworking", "PhotonUnityNetworking.csproj", "{1e0d2bec-2131-b088-725e-4328ea397279}"
EndProject
Project("{FAE04EC0-301F-11D3-BF4B-00C04F79EFBC}") = "PhotonRealtime", "PhotonRealtime.csproj", "{69889c61-dc56-de4a-d30e-21ce2444417a}"
EndProject
Project("{FAE04EC0-301F-11D3-BF4B-00C04F79EFBC}") = "PhotonUnityNetworking.Editor", "PhotonUnityNetworking.Editor.csproj", "{0386fb03-8b22-2eaa-569e-f74919b44bc2}"
EndProject
Project("{FAE04EC0-301F-11D3-BF4B-00C04F79EFBC}") = "PunDemos.DemoSlotcarEditor", "PunDemos.DemoSlotcarEditor.csproj", "{b7f962ae-6184-a4b8-617e-47e3a8963834}"
EndProject
Project("{FAE04EC0-301F-11D3-BF4B-00C04F79EFBC}") = "PhotonUnityNetworking.Utilities.PhotonPlayer.Editor", "PhotonUnityNetworking.Utilities.PhotonPlayer.Editor.csproj", "{5c1d7327-b035-d916-54e1-723e819a5e65}"
EndProject
Project("{FAE04EC0-301F-11D3-BF4B-00C04F79EFBC}") = "PhotonUnityNetworking.Utilities.Culling.Editor", "PhotonUnityNetworking.Utilities.Culling.Editor.csproj", "{b9f22f6e-89aa-275e-bd36-7e156d1b6d65}"
EndProject
Project("{FAE04EC0-301F-11D3-BF4B-00C04F79EFBC}") = "PunDemos.DemoHubEditor", "PunDemos.DemoHubEditor.csproj", "{375d7070-1db3-8d4b-f597-43a9b82cf080}"
EndProject
Global
	GlobalSection(SolutionConfigurationPlatforms) = preSolution
		Debug|Any CPU = Debug|Any CPU
	EndGlobalSection
	GlobalSection(ProjectConfigurationPlatforms) = postSolution
		{bbb7e327-1072-b84d-2cde-8c5f9221d3b6}.Debug|Any CPU.ActiveCfg = Debug|Any CPU
		{bbb7e327-1072-b84d-2cde-8c5f9221d3b6}.Debug|Any CPU.Build.0 = Debug|Any CPU
		{cd731a7f-a2dd-b9ce-03df-e8f2028e470e}.Debug|Any CPU.ActiveCfg = Debug|Any CPU
		{cd731a7f-a2dd-b9ce-03df-e8f2028e470e}.Debug|Any CPU.Build.0 = Debug|Any CPU
		{de746603-9fef-01fc-1119-aaa6ce9c506d}.Debug|Any CPU.ActiveCfg = Debug|Any CPU
		{de746603-9fef-01fc-1119-aaa6ce9c506d}.Debug|Any CPU.Build.0 = Debug|Any CPU
		{d7052ece-29d5-6453-c5a4-3cd894bb99f2}.Debug|Any CPU.ActiveCfg = Debug|Any CPU
		{d7052ece-29d5-6453-c5a4-3cd894bb99f2}.Debug|Any CPU.Build.0 = Debug|Any CPU
		{1e0d2bec-2131-b088-725e-4328ea397279}.Debug|Any CPU.ActiveCfg = Debug|Any CPU
		{1e0d2bec-2131-b088-725e-4328ea397279}.Debug|Any CPU.Build.0 = Debug|Any CPU
		{69889c61-dc56-de4a-d30e-21ce2444417a}.Debug|Any CPU.ActiveCfg = Debug|Any CPU
		{69889c61-dc56-de4a-d30e-21ce2444417a}.Debug|Any CPU.Build.0 = Debug|Any CPU
		{0386fb03-8b22-2eaa-569e-f74919b44bc2}.Debug|Any CPU.ActiveCfg = Debug|Any CPU
		{0386fb03-8b22-2eaa-569e-f74919b44bc2}.Debug|Any CPU.Build.0 = Debug|Any CPU
		{b7f962ae-6184-a4b8-617e-47e3a8963834}.Debug|Any CPU.ActiveCfg = Debug|Any CPU
		{b7f962ae-6184-a4b8-617e-47e3a8963834}.Debug|Any CPU.Build.0 = Debug|Any CPU
		{5c1d7327-b035-d916-54e1-723e819a5e65}.Debug|Any CPU.ActiveCfg = Debug|Any CPU
		{5c1d7327-b035-d916-54e1-723e819a5e65}.Debug|Any CPU.Build.0 = Debug|Any CPU
		{b9f22f6e-89aa-275e-bd36-7e156d1b6d65}.Debug|Any CPU.ActiveCfg = Debug|Any CPU
		{b9f22f6e-89aa-275e-bd36-7e156d1b6d65}.Debug|Any CPU.Build.0 = Debug|Any CPU
		{375d7070-1db3-8d4b-f597-43a9b82cf080}.Debug|Any CPU.ActiveCfg = Debug|Any CPU
		{375d7070-1db3-8d4b-f597-43a9b82cf080}.Debug|Any CPU.Build.0 = Debug|Any CPU
	EndGlobalSection
	GlobalSection(SolutionProperties) = preSolution
		HideSolutionNode = FALSE
	EndGlobalSection
EndGlobal
